Microsoft Visual Studio Solution File, Format Version 11.00
# Visual Studio 2008

Project("{467F8A96-BB2B-8963-3D5D-31E48A068497}") = "Farm2DPro", "Assembly-CSharp.csproj", "{A766D39C-D262-59B5-4AB7-55572772F42D}"
EndProject
Global
	GlobalSection(SolutionConfigurationPlatforms) = preSolution
		Debug|Any CPU = Debug|Any CPU
		Release|Any CPU = Release|Any CPU
	EndGlobalSection
	GlobalSection(ProjectConfigurationPlatforms) = postSolution
		{A766D39C-D262-59B5-4AB7-55572772F42D}.Debug|Any CPU.ActiveCfg = Debug|Any CPU
		{A766D39C-D262-59B5-4AB7-55572772F42D}.Debug|Any CPU.Build.0 = Debug|Any CPU
		{A766D39C-D262-59B5-4AB7-55572772F42D}.Release|Any CPU.ActiveCfg = Release|Any CPU
		{A766D39C-D262-59B5-4AB7-55572772F42D}.Release|Any CPU.Build.0 = Release|Any CPU
	EndGlobalSection
	GlobalSection(SolutionProperties) = preSolution
		HideSolutionNode = FALSE
	EndGlobalSection
	GlobalSection(MonoDevelopProperties) = preSolution
		StartupItem = Assembly-CSharp.csproj
	EndGlobalSection
EndGlobal
